// !$*UTF8*$!
{
	archiveVersion = 1;
	classes = {
	};
	objectVersion = 55;
	objects = {

/* Begin PBXBuildFile section */
		985407028610455E5A2ED87B /* Pods_IEEApps.framework in Frameworks */ = {isa = PBXBuildFile; fileRef = 3965A060FF13690A8875E4CB /* Pods_IEEApps.framework */; };
		B1086614281D78CB008B68F6 /* LogginAnnTableViewCell.swift in Sources */ = {isa = PBXBuildFile; fileRef = B1086613281D78CB008B68F6 /* LogginAnnTableViewCell.swift */; };
		B1086616281D794A008B68F6 /* PrivateAnnouncementsVC.swift in Sources */ = {isa = PBXBuildFile; fileRef = B1086615281D794A008B68F6 /* PrivateAnnouncementsVC.swift */; };
		B10AAA5627FC586F004EEE34 /* APIRouter.swift in Sources */ = {isa = PBXBuildFile; fileRef = B10AAA5527FC586F004EEE34 /* APIRouter.swift */; };
		B10AAA5A27FC59B6004EEE34 /* DataRequest+Processing.swift in Sources */ = {isa = PBXBuildFile; fileRef = B10AAA5927FC59B6004EEE34 /* DataRequest+Processing.swift */; };
		B10AAA5D27FC5AEC004EEE34 /* DataContext.swift in Sources */ = {isa = PBXBuildFile; fileRef = B10AAA5C27FC5AEC004EEE34 /* DataContext.swift */; };
		B10AAA5F27FC5B48004EEE34 /* DataContext+ClientRequests.swift in Sources */ = {isa = PBXBuildFile; fileRef = B10AAA5E27FC5B48004EEE34 /* DataContext+ClientRequests.swift */; };
		B11736412804A60E0036D584 /* PublicAnnTableViewCell.swift in Sources */ = {isa = PBXBuildFile; fileRef = B11736402804A60E0036D584 /* PublicAnnTableViewCell.swift */; };
		B11A11942828234600F6FCD6 /* LogoutModel.swift in Sources */ = {isa = PBXBuildFile; fileRef = B11A11932828234600F6FCD6 /* LogoutModel.swift */; };
		B130F61627F0B8D4003D1B98 /* AppDelegate.swift in Sources */ = {isa = PBXBuildFile; fileRef = B130F61527F0B8D4003D1B98 /* AppDelegate.swift */; };
		B130F61827F0B8D4003D1B98 /* SceneDelegate.swift in Sources */ = {isa = PBXBuildFile; fileRef = B130F61727F0B8D4003D1B98 /* SceneDelegate.swift */; };
		B130F61D27F0B8D5003D1B98 /* Main.storyboard in Resources */ = {isa = PBXBuildFile; fileRef = B130F61B27F0B8D4003D1B98 /* Main.storyboard */; };
		B130F61F27F0B8D6003D1B98 /* Assets.xcassets in Resources */ = {isa = PBXBuildFile; fileRef = B130F61E27F0B8D6003D1B98 /* Assets.xcassets */; };
		B130F62D27F0BB96003D1B98 /* MainViewController.swift in Sources */ = {isa = PBXBuildFile; fileRef = B130F62C27F0BB96003D1B98 /* MainViewController.swift */; };
		B134A6482821ADC4000CC21A /* PrivateAnnDesktopVC.swift in Sources */ = {isa = PBXBuildFile; fileRef = B134A6472821ADC4000CC21A /* PrivateAnnDesktopVC.swift */; };
		B15352E4282047300074A49C /* AnnouncementsDesktop.storyboard in Resources */ = {isa = PBXBuildFile; fileRef = B15352E3282047300074A49C /* AnnouncementsDesktop.storyboard */; };
		B15352E628204A490074A49C /* PublicAnnDesktopVC.swift in Sources */ = {isa = PBXBuildFile; fileRef = B15352E528204A490074A49C /* PublicAnnDesktopVC.swift */; };
		B15EA83428087719009C7F33 /* LogginWebViewVC.storyboard in Resources */ = {isa = PBXBuildFile; fileRef = B15EA83328087719009C7F33 /* LogginWebViewVC.storyboard */; };
		B16347CA28182C0F00AEE41E /* AuthModel.swift in Sources */ = {isa = PBXBuildFile; fileRef = B16347C928182C0F00AEE41E /* AuthModel.swift */; };
		B17710A6280AD145001EDDD1 /* OAuthClient.swift in Sources */ = {isa = PBXBuildFile; fileRef = B17710A5280AD145001EDDD1 /* OAuthClient.swift */; };
		B17710A8280AD179001EDDD1 /* TokenRepository.swift in Sources */ = {isa = PBXBuildFile; fileRef = B17710A7280AD179001EDDD1 /* TokenRepository.swift */; };
		B17710AA280AD1E2001EDDD1 /* HttpRequest.swift in Sources */ = {isa = PBXBuildFile; fileRef = B17710A9280AD1E2001EDDD1 /* HttpRequest.swift */; };
		B17710AC280AD2BB001EDDD1 /* HttpClient.swift in Sources */ = {isa = PBXBuildFile; fileRef = B17710AB280AD2BB001EDDD1 /* HttpClient.swift */; };
		B17710AF280AD3C6001EDDD1 /* DeepLinkHandler.swift in Sources */ = {isa = PBXBuildFile; fileRef = B17710AE280AD3C6001EDDD1 /* DeepLinkHandler.swift */; };
		B17710B1280AD3F6001EDDD1 /* InMemoryTokenRepository.swift in Sources */ = {isa = PBXBuildFile; fileRef = B17710B0280AD3F6001EDDD1 /* InMemoryTokenRepository.swift */; };
		B17710B6280AD451001EDDD1 /* RemoteOAuthClient.swift in Sources */ = {isa = PBXBuildFile; fileRef = B17710B5280AD451001EDDD1 /* RemoteOAuthClient.swift */; };
		B17710B8280AD4C9001EDDD1 /* ClientRequests.swift in Sources */ = {isa = PBXBuildFile; fileRef = B17710B7280AD4C9001EDDD1 /* ClientRequests.swift */; };
		B17710BB280AD53E001EDDD1 /* Encodable.swift in Sources */ = {isa = PBXBuildFile; fileRef = B17710BA280AD53E001EDDD1 /* Encodable.swift */; };
		B17710BE280AD5A9001EDDD1 /* AppDependeciesContainer.swift in Sources */ = {isa = PBXBuildFile; fileRef = B17710BD280AD5A9001EDDD1 /* AppDependeciesContainer.swift */; };
		B1BB33EE2826C3B9001F6C60 /* NotificationTableViewCell.swift in Sources */ = {isa = PBXBuildFile; fileRef = B1BB33ED2826C3B9001F6C60 /* NotificationTableViewCell.swift */; };
		B1BB33F02826C6D6001F6C60 /* NotificationsViewController.swift in Sources */ = {isa = PBXBuildFile; fileRef = B1BB33EF2826C6D6001F6C60 /* NotificationsViewController.swift */; };
		B1BB33F22826C778001F6C60 /* NotificationModel.swift in Sources */ = {isa = PBXBuildFile; fileRef = B1BB33F12826C778001F6C60 /* NotificationModel.swift */; };
		B1BB33F42826C91D001F6C60 /* NotificationsModel.swift in Sources */ = {isa = PBXBuildFile; fileRef = B1BB33F32826C91D001F6C60 /* NotificationsModel.swift */; };
		B1E0040628083FE70066C50E /* LoggInWebViewVC.swift in Sources */ = {isa = PBXBuildFile; fileRef = B1E0040528083FE70066C50E /* LoggInWebViewVC.swift */; };
		B1FC320127F75FE9001DFCCE /* SettingsViewController.swift in Sources */ = {isa = PBXBuildFile; fileRef = B1FC320027F75FE9001DFCCE /* SettingsViewController.swift */; };
		B1FFD1F127F89D3E000B4A69 /* PublicAnnModel.swift in Sources */ = {isa = PBXBuildFile; fileRef = B1FFD1F027F89D3E000B4A69 /* PublicAnnModel.swift */; };
		B1FFD1F327F8A1C7000B4A69 /* PublicAnnsModel.swift in Sources */ = {isa = PBXBuildFile; fileRef = B1FFD1F227F8A1C7000B4A69 /* PublicAnnsModel.swift */; };
/* End PBXBuildFile section */

/* Begin PBXFileReference section */
		295220E9518996FFD2FFC4FA /* Pods-IEEApps.debug.xcconfig */ = {isa = PBXFileReference; includeInIndex = 1; lastKnownFileType = text.xcconfig; name = "Pods-IEEApps.debug.xcconfig"; path = "Target Support Files/Pods-IEEApps/Pods-IEEApps.debug.xcconfig"; sourceTree = "<group>"; };
		3965A060FF13690A8875E4CB /* Pods_IEEApps.framework */ = {isa = PBXFileReference; explicitFileType = wrapper.framework; includeInIndex = 0; path = Pods_IEEApps.framework; sourceTree = BUILT_PRODUCTS_DIR; };
		8903D0DFE36AF6B65ABEFA76 /* Pods-IEEApps.release.xcconfig */ = {isa = PBXFileReference; includeInIndex = 1; lastKnownFileType = text.xcconfig; name = "Pods-IEEApps.release.xcconfig"; path = "Target Support Files/Pods-IEEApps/Pods-IEEApps.release.xcconfig"; sourceTree = "<group>"; };
		B1086613281D78CB008B68F6 /* LogginAnnTableViewCell.swift */ = {isa = PBXFileReference; lastKnownFileType = sourcecode.swift; path = LogginAnnTableViewCell.swift; sourceTree = "<group>"; };
		B1086615281D794A008B68F6 /* PrivateAnnouncementsVC.swift */ = {isa = PBXFileReference; lastKnownFileType = sourcecode.swift; path = PrivateAnnouncementsVC.swift; sourceTree = "<group>"; };
		B10AAA5527FC586F004EEE34 /* APIRouter.swift */ = {isa = PBXFileReference; lastKnownFileType = sourcecode.swift; path = APIRouter.swift; sourceTree = "<group>"; };
		B10AAA5927FC59B6004EEE34 /* DataRequest+Processing.swift */ = {isa = PBXFileReference; lastKnownFileType = sourcecode.swift; path = "DataRequest+Processing.swift"; sourceTree = "<group>"; };
		B10AAA5C27FC5AEC004EEE34 /* DataContext.swift */ = {isa = PBXFileReference; lastKnownFileType = sourcecode.swift; path = DataContext.swift; sourceTree = "<group>"; };
		B10AAA5E27FC5B48004EEE34 /* DataContext+ClientRequests.swift */ = {isa = PBXFileReference; lastKnownFileType = sourcecode.swift; path = "DataContext+ClientRequests.swift"; sourceTree = "<group>"; };
		B11736402804A60E0036D584 /* PublicAnnTableViewCell.swift */ = {isa = PBXFileReference; lastKnownFileType = sourcecode.swift; path = PublicAnnTableViewCell.swift; sourceTree = "<group>"; };
		B11A11932828234600F6FCD6 /* LogoutModel.swift */ = {isa = PBXFileReference; lastKnownFileType = sourcecode.swift; path = LogoutModel.swift; sourceTree = "<group>"; };
		B130F61227F0B8D4003D1B98 /* IEEApps.app */ = {isa = PBXFileReference; explicitFileType = wrapper.application; includeInIndex = 0; path = IEEApps.app; sourceTree = BUILT_PRODUCTS_DIR; };
		B130F61527F0B8D4003D1B98 /* AppDelegate.swift */ = {isa = PBXFileReference; lastKnownFileType = sourcecode.swift; path = AppDelegate.swift; sourceTree = "<group>"; };
		B130F61727F0B8D4003D1B98 /* SceneDelegate.swift */ = {isa = PBXFileReference; lastKnownFileType = sourcecode.swift; path = SceneDelegate.swift; sourceTree = "<group>"; };
		B130F61C27F0B8D4003D1B98 /* Base */ = {isa = PBXFileReference; lastKnownFileType = file.storyboard; name = Base; path = Base.lproj/Main.storyboard; sourceTree = "<group>"; };
		B130F61E27F0B8D6003D1B98 /* Assets.xcassets */ = {isa = PBXFileReference; lastKnownFileType = folder.assetcatalog; path = Assets.xcassets; sourceTree = "<group>"; };
		B130F62327F0B8D6003D1B98 /* Info.plist */ = {isa = PBXFileReference; lastKnownFileType = text.plist.xml; path = Info.plist; sourceTree = "<group>"; };
		B130F62C27F0BB96003D1B98 /* MainViewController.swift */ = {isa = PBXFileReference; lastKnownFileType = sourcecode.swift; path = MainViewController.swift; sourceTree = "<group>"; };
		B134A6472821ADC4000CC21A /* PrivateAnnDesktopVC.swift */ = {isa = PBXFileReference; lastKnownFileType = sourcecode.swift; path = PrivateAnnDesktopVC.swift; sourceTree = "<group>"; };
		B15352E3282047300074A49C /* AnnouncementsDesktop.storyboard */ = {isa = PBXFileReference; lastKnownFileType = file.storyboard; path = AnnouncementsDesktop.storyboard; sourceTree = "<group>"; };
		B15352E528204A490074A49C /* PublicAnnDesktopVC.swift */ = {isa = PBXFileReference; lastKnownFileType = sourcecode.swift; path = PublicAnnDesktopVC.swift; sourceTree = "<group>"; };
		B15EA83328087719009C7F33 /* LogginWebViewVC.storyboard */ = {isa = PBXFileReference; lastKnownFileType = file.storyboard; path = LogginWebViewVC.storyboard; sourceTree = "<group>"; };
		B16347C928182C0F00AEE41E /* AuthModel.swift */ = {isa = PBXFileReference; lastKnownFileType = sourcecode.swift; path = AuthModel.swift; sourceTree = "<group>"; };
		B17710A5280AD145001EDDD1 /* OAuthClient.swift */ = {isa = PBXFileReference; lastKnownFileType = sourcecode.swift; path = OAuthClient.swift; sourceTree = "<group>"; };
		B17710A7280AD179001EDDD1 /* TokenRepository.swift */ = {isa = PBXFileReference; lastKnownFileType = sourcecode.swift; path = TokenRepository.swift; sourceTree = "<group>"; };
		B17710A9280AD1E2001EDDD1 /* HttpRequest.swift */ = {isa = PBXFileReference; lastKnownFileType = sourcecode.swift; path = HttpRequest.swift; sourceTree = "<group>"; };
		B17710AB280AD2BB001EDDD1 /* HttpClient.swift */ = {isa = PBXFileReference; lastKnownFileType = sourcecode.swift; path = HttpClient.swift; sourceTree = "<group>"; };
		B17710AE280AD3C6001EDDD1 /* DeepLinkHandler.swift */ = {isa = PBXFileReference; lastKnownFileType = sourcecode.swift; path = DeepLinkHandler.swift; sourceTree = "<group>"; };
		B17710B0280AD3F6001EDDD1 /* InMemoryTokenRepository.swift */ = {isa = PBXFileReference; lastKnownFileType = sourcecode.swift; path = InMemoryTokenRepository.swift; sourceTree = "<group>"; };
		B17710B5280AD451001EDDD1 /* RemoteOAuthClient.swift */ = {isa = PBXFileReference; lastKnownFileType = sourcecode.swift; path = RemoteOAuthClient.swift; sourceTree = "<group>"; };
		B17710B7280AD4C9001EDDD1 /* ClientRequests.swift */ = {isa = PBXFileReference; lastKnownFileType = sourcecode.swift; path = ClientRequests.swift; sourceTree = "<group>"; };
		B17710BA280AD53E001EDDD1 /* Encodable.swift */ = {isa = PBXFileReference; lastKnownFileType = sourcecode.swift; path = Encodable.swift; sourceTree = "<group>"; };
		B17710BD280AD5A9001EDDD1 /* AppDependeciesContainer.swift */ = {isa = PBXFileReference; lastKnownFileType = sourcecode.swift; path = AppDependeciesContainer.swift; sourceTree = "<group>"; };
		B1BB33ED2826C3B9001F6C60 /* NotificationTableViewCell.swift */ = {isa = PBXFileReference; lastKnownFileType = sourcecode.swift; path = NotificationTableViewCell.swift; sourceTree = "<group>"; };
		B1BB33EF2826C6D6001F6C60 /* NotificationsViewController.swift */ = {isa = PBXFileReference; lastKnownFileType = sourcecode.swift; path = NotificationsViewController.swift; sourceTree = "<group>"; };
		B1BB33F12826C778001F6C60 /* NotificationModel.swift */ = {isa = PBXFileReference; lastKnownFileType = sourcecode.swift; path = NotificationModel.swift; sourceTree = "<group>"; };
		B1BB33F32826C91D001F6C60 /* NotificationsModel.swift */ = {isa = PBXFileReference; lastKnownFileType = sourcecode.swift; path = NotificationsModel.swift; sourceTree = "<group>"; };
		B1E0040528083FE70066C50E /* LoggInWebViewVC.swift */ = {isa = PBXFileReference; lastKnownFileType = sourcecode.swift; path = LoggInWebViewVC.swift; sourceTree = "<group>"; };
		B1FC320027F75FE9001DFCCE /* SettingsViewController.swift */ = {isa = PBXFileReference; lastKnownFileType = sourcecode.swift; path = SettingsViewController.swift; sourceTree = "<group>"; };
		B1FFD1F027F89D3E000B4A69 /* PublicAnnModel.swift */ = {isa = PBXFileReference; lastKnownFileType = sourcecode.swift; path = PublicAnnModel.swift; sourceTree = "<group>"; };
		B1FFD1F227F8A1C7000B4A69 /* PublicAnnsModel.swift */ = {isa = PBXFileReference; lastKnownFileType = sourcecode.swift; path = PublicAnnsModel.swift; sourceTree = "<group>"; };
/* End PBXFileReference section */

/* Begin PBXFrameworksBuildPhase section */
		B130F60F27F0B8D4003D1B98 /* Frameworks */ = {
			isa = PBXFrameworksBuildPhase;
			buildActionMask = 2147483647;
			files = (
				985407028610455E5A2ED87B /* Pods_IEEApps.framework in Frameworks */,
			);
			runOnlyForDeploymentPostprocessing = 0;
		};
/* End PBXFrameworksBuildPhase section */

/* Begin PBXGroup section */
		648C48274E65DD0174B2D19A /* Pods */ = {
			isa = PBXGroup;
			children = (
				295220E9518996FFD2FFC4FA /* Pods-IEEApps.debug.xcconfig */,
				8903D0DFE36AF6B65ABEFA76 /* Pods-IEEApps.release.xcconfig */,
			);
			path = Pods;
			sourceTree = "<group>";
		};
		B10AAA5B27FC5ADA004EEE34 /* DataContext */ = {
			isa = PBXGroup;
			children = (
				B10AAA5C27FC5AEC004EEE34 /* DataContext.swift */,
				B10AAA5E27FC5B48004EEE34 /* DataContext+ClientRequests.swift */,
			);
			path = DataContext;
			sourceTree = "<group>";
		};
		B10AAA6027FC5BDA004EEE34 /* ViewControllers */ = {
			isa = PBXGroup;
			children = (
				B1FC320027F75FE9001DFCCE /* SettingsViewController.swift */,
				B130F62C27F0BB96003D1B98 /* MainViewController.swift */,
				B1E0040528083FE70066C50E /* LoggInWebViewVC.swift */,
				B1086615281D794A008B68F6 /* PrivateAnnouncementsVC.swift */,
				B15352E528204A490074A49C /* PublicAnnDesktopVC.swift */,
				B134A6472821ADC4000CC21A /* PrivateAnnDesktopVC.swift */,
				B1BB33EF2826C6D6001F6C60 /* NotificationsViewController.swift */,
			);
			path = ViewControllers;
			sourceTree = "<group>";
		};
		B130F60927F0B8D4003D1B98 = {
			isa = PBXGroup;
			children = (
				B130F61427F0B8D4003D1B98 /* IEEApps */,
				B130F61327F0B8D4003D1B98 /* Products */,
				648C48274E65DD0174B2D19A /* Pods */,
				CDCD65033B70054EFED67775 /* Frameworks */,
			);
			sourceTree = "<group>";
		};
		B130F61327F0B8D4003D1B98 /* Products */ = {
			isa = PBXGroup;
			children = (
				B130F61227F0B8D4003D1B98 /* IEEApps.app */,
			);
			name = Products;
			sourceTree = "<group>";
		};
		B130F61427F0B8D4003D1B98 /* IEEApps */ = {
			isa = PBXGroup;
			children = (
				B17710BC280AD58E001EDDD1 /* Dependencies */,
				B17710B9280AD523001EDDD1 /* Extensions */,
				B17710AD280AD39E001EDDD1 /* Infrastructure */,
				B17710A4280AD126001EDDD1 /* Domain */,
				B10AAA6027FC5BDA004EEE34 /* ViewControllers */,
				B10AAA5B27FC5ADA004EEE34 /* DataContext */,
				B1FFD1EF27F894B8000B4A69 /* Api_router */,
				B130F62B27F0BA9F003D1B98 /* Model */,
				B130F62927F0BA6B003D1B98 /* Storyboards */,
				B130F61527F0B8D4003D1B98 /* AppDelegate.swift */,
				B130F61727F0B8D4003D1B98 /* SceneDelegate.swift */,
				B130F61E27F0B8D6003D1B98 /* Assets.xcassets */,
				B130F62327F0B8D6003D1B98 /* Info.plist */,
				B11736402804A60E0036D584 /* PublicAnnTableViewCell.swift */,
				B1086613281D78CB008B68F6 /* LogginAnnTableViewCell.swift */,
				B1BB33ED2826C3B9001F6C60 /* NotificationTableViewCell.swift */,
			);
			path = IEEApps;
			sourceTree = "<group>";
		};
		B130F62927F0BA6B003D1B98 /* Storyboards */ = {
			isa = PBXGroup;
			children = (
				B130F61B27F0B8D4003D1B98 /* Main.storyboard */,
				B15EA83328087719009C7F33 /* LogginWebViewVC.storyboard */,
				B15352E3282047300074A49C /* AnnouncementsDesktop.storyboard */,
			);
			path = Storyboards;
			sourceTree = "<group>";
		};
		B130F62B27F0BA9F003D1B98 /* Model */ = {
			isa = PBXGroup;
			children = (
				B1FFD1F027F89D3E000B4A69 /* PublicAnnModel.swift */,
				B1FFD1F227F8A1C7000B4A69 /* PublicAnnsModel.swift */,
				B16347C928182C0F00AEE41E /* AuthModel.swift */,
				B1BB33F12826C778001F6C60 /* NotificationModel.swift */,
				B1BB33F32826C91D001F6C60 /* NotificationsModel.swift */,
				B11A11932828234600F6FCD6 /* LogoutModel.swift */,
			);
			path = Model;
			sourceTree = "<group>";
		};
		B17710A4280AD126001EDDD1 /* Domain */ = {
			isa = PBXGroup;
			children = (
				B17710A5280AD145001EDDD1 /* OAuthClient.swift */,
				B17710A7280AD179001EDDD1 /* TokenRepository.swift */,
			);
			path = Domain;
			sourceTree = "<group>";
		};
		B17710AD280AD39E001EDDD1 /* Infrastructure */ = {
			isa = PBXGroup;
			children = (
				B17710AE280AD3C6001EDDD1 /* DeepLinkHandler.swift */,
				B17710B0280AD3F6001EDDD1 /* InMemoryTokenRepository.swift */,
				B17710B5280AD451001EDDD1 /* RemoteOAuthClient.swift */,
			);
			path = Infrastructure;
			sourceTree = "<group>";
		};
		B17710B9280AD523001EDDD1 /* Extensions */ = {
			isa = PBXGroup;
			children = (
				B17710BA280AD53E001EDDD1 /* Encodable.swift */,
			);
			path = Extensions;
			sourceTree = "<group>";
		};
		B17710BC280AD58E001EDDD1 /* Dependencies */ = {
			isa = PBXGroup;
			children = (
				B17710BD280AD5A9001EDDD1 /* AppDependeciesContainer.swift */,
			);
			path = Dependencies;
			sourceTree = "<group>";
		};
		B1FFD1EF27F894B8000B4A69 /* Api_router */ = {
			isa = PBXGroup;
			children = (
				B10AAA5527FC586F004EEE34 /* APIRouter.swift */,
				B10AAA5927FC59B6004EEE34 /* DataRequest+Processing.swift */,
				B17710A9280AD1E2001EDDD1 /* HttpRequest.swift */,
				B17710AB280AD2BB001EDDD1 /* HttpClient.swift */,
				B17710B7280AD4C9001EDDD1 /* ClientRequests.swift */,
			);
			path = Api_router;
			sourceTree = "<group>";
		};
		CDCD65033B70054EFED67775 /* Frameworks */ = {
			isa = PBXGroup;
			children = (
				3965A060FF13690A8875E4CB /* Pods_IEEApps.framework */,
			);
			name = Frameworks;
			sourceTree = "<group>";
		};
/* End PBXGroup section */

/* Begin PBXNativeTarget section */
		B130F61127F0B8D4003D1B98 /* IEEApps */ = {
			isa = PBXNativeTarget;
			buildConfigurationList = B130F62627F0B8D6003D1B98 /* Build configuration list for PBXNativeTarget "IEEApps" */;
			buildPhases = (
				1A4ABBB821C6ED9BAFC84C7D /* [CP] Check Pods Manifest.lock */,
				B130F60E27F0B8D4003D1B98 /* Sources */,
				B130F60F27F0B8D4003D1B98 /* Frameworks */,
				B130F61027F0B8D4003D1B98 /* Resources */,
				600CFAA0B5C71A5E1AA670C3 /* [CP] Embed Pods Frameworks */,
			);
			buildRules = (
			);
			dependencies = (
			);
			name = IEEApps;
			productName = IEEApps;
			productReference = B130F61227F0B8D4003D1B98 /* IEEApps.app */;
			productType = "com.apple.product-type.application";
		};
/* End PBXNativeTarget section */

/* Begin PBXProject section */
		B130F60A27F0B8D4003D1B98 /* Project object */ = {
			isa = PBXProject;
			attributes = {
				BuildIndependentTargetsInParallel = 1;
				LastSwiftUpdateCheck = 1330;
				LastUpgradeCheck = 1330;
				TargetAttributes = {
					B130F61127F0B8D4003D1B98 = {
						CreatedOnToolsVersion = 13.3;
					};
				};
			};
			buildConfigurationList = B130F60D27F0B8D4003D1B98 /* Build configuration list for PBXProject "IEEApps" */;
			compatibilityVersion = "Xcode 13.0";
			developmentRegion = en;
			hasScannedForEncodings = 0;
			knownRegions = (
				en,
				Base,
			);
			mainGroup = B130F60927F0B8D4003D1B98;
			productRefGroup = B130F61327F0B8D4003D1B98 /* Products */;
			projectDirPath = "";
			projectRoot = "";
			targets = (
				B130F61127F0B8D4003D1B98 /* IEEApps */,
			);
		};
/* End PBXProject section */

/* Begin PBXResourcesBuildPhase section */
		B130F61027F0B8D4003D1B98 /* Resources */ = {
			isa = PBXResourcesBuildPhase;
			buildActionMask = 2147483647;
			files = (
				B15352E4282047300074A49C /* AnnouncementsDesktop.storyboard in Resources */,
				B130F61F27F0B8D6003D1B98 /* Assets.xcassets in Resources */,
				B15EA83428087719009C7F33 /* LogginWebViewVC.storyboard in Resources */,
				B130F61D27F0B8D5003D1B98 /* Main.storyboard in Resources */,
			);
			runOnlyForDeploymentPostprocessing = 0;
		};
/* End PBXResourcesBuildPhase section */

/* Begin PBXShellScriptBuildPhase section */
		1A4ABBB821C6ED9BAFC84C7D /* [CP] Check Pods Manifest.lock */ = {
			isa = PBXShellScriptBuildPhase;
			buildActionMask = 2147483647;
			files = (
			);
			inputFileListPaths = (
			);
			inputPaths = (
				"${PODS_PODFILE_DIR_PATH}/Podfile.lock",
				"${PODS_ROOT}/Manifest.lock",
			);
			name = "[CP] Check Pods Manifest.lock";
			outputFileListPaths = (
			);
			outputPaths = (
				"$(DERIVED_FILE_DIR)/Pods-IEEApps-checkManifestLockResult.txt",
			);
			runOnlyForDeploymentPostprocessing = 0;
			shellPath = /bin/sh;
			shellScript = "diff \"${PODS_PODFILE_DIR_PATH}/Podfile.lock\" \"${PODS_ROOT}/Manifest.lock\" > /dev/null\nif [ $? != 0 ] ; then\n    # print error to STDERR\n    echo \"error: The sandbox is not in sync with the Podfile.lock. Run 'pod install' or update your CocoaPods installation.\" >&2\n    exit 1\nfi\n# This output is used by Xcode 'outputs' to avoid re-running this script phase.\necho \"SUCCESS\" > \"${SCRIPT_OUTPUT_FILE_0}\"\n";
			showEnvVarsInLog = 0;
		};
		600CFAA0B5C71A5E1AA670C3 /* [CP] Embed Pods Frameworks */ = {
			isa = PBXShellScriptBuildPhase;
			buildActionMask = 2147483647;
			files = (
			);
			inputFileListPaths = (
				"${PODS_ROOT}/Target Support Files/Pods-IEEApps/Pods-IEEApps-frameworks-${CONFIGURATION}-input-files.xcfilelist",
			);
			name = "[CP] Embed Pods Frameworks";
			outputFileListPaths = (
				"${PODS_ROOT}/Target Support Files/Pods-IEEApps/Pods-IEEApps-frameworks-${CONFIGURATION}-output-files.xcfilelist",
			);
			runOnlyForDeploymentPostprocessing = 0;
			shellPath = /bin/sh;
			shellScript = "\"${PODS_ROOT}/Target Support Files/Pods-IEEApps/Pods-IEEApps-frameworks.sh\"\n";
			showEnvVarsInLog = 0;
		};
/* End PBXShellScriptBuildPhase section */

/* Begin PBXSourcesBuildPhase section */
		B130F60E27F0B8D4003D1B98 /* Sources */ = {
			isa = PBXSourcesBuildPhase;
			buildActionMask = 2147483647;
			files = (
				B1BB33EE2826C3B9001F6C60 /* NotificationTableViewCell.swift in Sources */,
				B1086616281D794A008B68F6 /* PrivateAnnouncementsVC.swift in Sources */,
				B17710BB280AD53E001EDDD1 /* Encodable.swift in Sources */,
				B17710B8280AD4C9001EDDD1 /* ClientRequests.swift in Sources */,
				B1E0040628083FE70066C50E /* LoggInWebViewVC.swift in Sources */,
				B1FFD1F327F8A1C7000B4A69 /* PublicAnnsModel.swift in Sources */,
				B17710A8280AD179001EDDD1 /* TokenRepository.swift in Sources */,
				B17710AF280AD3C6001EDDD1 /* DeepLinkHandler.swift in Sources */,
				B134A6482821ADC4000CC21A /* PrivateAnnDesktopVC.swift in Sources */,
				B17710B1280AD3F6001EDDD1 /* InMemoryTokenRepository.swift in Sources */,
				B17710BE280AD5A9001EDDD1 /* AppDependeciesContainer.swift in Sources */,
				B17710A6280AD145001EDDD1 /* OAuthClient.swift in Sources */,
				B1BB33F22826C778001F6C60 /* NotificationModel.swift in Sources */,
				B10AAA5627FC586F004EEE34 /* APIRouter.swift in Sources */,
				B130F61627F0B8D4003D1B98 /* AppDelegate.swift in Sources */,
				B1086614281D78CB008B68F6 /* LogginAnnTableViewCell.swift in Sources */,
				B130F61827F0B8D4003D1B98 /* SceneDelegate.swift in Sources */,
				B17710B6280AD451001EDDD1 /* RemoteOAuthClient.swift in Sources */,
				B10AAA5F27FC5B48004EEE34 /* DataContext+ClientRequests.swift in Sources */,
				B130F62D27F0BB96003D1B98 /* MainViewController.swift in Sources */,
				B10AAA5D27FC5AEC004EEE34 /* DataContext.swift in Sources */,
				B1FFD1F127F89D3E000B4A69 /* PublicAnnModel.swift in Sources */,
				B1FC320127F75FE9001DFCCE /* SettingsViewController.swift in Sources */,
				B11A11942828234600F6FCD6 /* LogoutModel.swift in Sources */,
				B15352E628204A490074A49C /* PublicAnnDesktopVC.swift in Sources */,
				B1BB33F42826C91D001F6C60 /* NotificationsModel.swift in Sources */,
				B11736412804A60E0036D584 /* PublicAnnTableViewCell.swift in Sources */,
				B17710AC280AD2BB001EDDD1 /* HttpClient.swift in Sources */,
				B16347CA28182C0F00AEE41E /* AuthModel.swift in Sources */,
				B1BB33F02826C6D6001F6C60 /* NotificationsViewController.swift in Sources */,
				B17710AA280AD1E2001EDDD1 /* HttpRequest.swift in Sources */,
				B10AAA5A27FC59B6004EEE34 /* DataRequest+Processing.swift in Sources */,
			);
			runOnlyForDeploymentPostprocessing = 0;
		};
/* End PBXSourcesBuildPhase section */

/* Begin PBXVariantGroup section */
		B130F61B27F0B8D4003D1B98 /* Main.storyboard */ = {
			isa = PBXVariantGroup;
			children = (
				B130F61C27F0B8D4003D1B98 /* Base */,
			);
			name = Main.storyboard;
			sourceTree = "<group>";
		};
/* End PBXVariantGroup section */

/* Begin XCBuildConfiguration section */
		B130F62427F0B8D6003D1B98 /* Debug */ = {
			isa = XCBuildConfiguration;
			buildSettings = {
				ALWAYS_SEARCH_USER_PATHS = NO;
				CLANG_ANALYZER_NONNULL = YES;
				CLANG_ANALYZER_NUMBER_OBJECT_CONVERSION = YES_AGGRESSIVE;
				CLANG_CXX_LANGUAGE_STANDARD = "gnu++17";
				CLANG_ENABLE_MODULES = YES;
				CLANG_ENABLE_OBJC_ARC = YES;
				CLANG_ENABLE_OBJC_WEAK = YES;
				CLANG_WARN_BLOCK_CAPTURE_AUTORELEASING = YES;
				CLANG_WARN_BOOL_CONVERSION = YES;
				CLANG_WARN_COMMA = YES;
				CLANG_WARN_CONSTANT_CONVERSION = YES;
				CLANG_WARN_DEPRECATED_OBJC_IMPLEMENTATIONS = YES;
				CLANG_WARN_DIRECT_OBJC_ISA_USAGE = YES_ERROR;
				CLANG_WARN_DOCUMENTATION_COMMENTS = YES;
				CLANG_WARN_EMPTY_BODY = YES;
				CLANG_WARN_ENUM_CONVERSION = YES;
				CLANG_WARN_INFINITE_RECURSION = YES;
				CLANG_WARN_INT_CONVERSION = YES;
				CLANG_WARN_NON_LITERAL_NULL_CONVERSION = YES;
				CLANG_WARN_OBJC_IMPLICIT_RETAIN_SELF = YES;
				CLANG_WARN_OBJC_LITERAL_CONVERSION = YES;
				CLANG_WARN_OBJC_ROOT_CLASS = YES_ERROR;
				CLANG_WARN_QUOTED_INCLUDE_IN_FRAMEWORK_HEADER = YES;
				CLANG_WARN_RANGE_LOOP_ANALYSIS = YES;
				CLANG_WARN_STRICT_PROTOTYPES = YES;
				CLANG_WARN_SUSPICIOUS_MOVE = YES;
				CLANG_WARN_UNGUARDED_AVAILABILITY = YES_AGGRESSIVE;
				CLANG_WARN_UNREACHABLE_CODE = YES;
				CLANG_WARN__DUPLICATE_METHOD_MATCH = YES;
				COPY_PHASE_STRIP = NO;
				DEBUG_INFORMATION_FORMAT = dwarf;
				ENABLE_STRICT_OBJC_MSGSEND = YES;
				ENABLE_TESTABILITY = YES;
				GCC_C_LANGUAGE_STANDARD = gnu11;
				GCC_DYNAMIC_NO_PIC = NO;
				GCC_NO_COMMON_BLOCKS = YES;
				GCC_OPTIMIZATION_LEVEL = 0;
				GCC_PREPROCESSOR_DEFINITIONS = (
					"DEBUG=1",
					"$(inherited)",
				);
				GCC_WARN_64_TO_32_BIT_CONVERSION = YES;
				GCC_WARN_ABOUT_RETURN_TYPE = YES_ERROR;
				GCC_WARN_UNDECLARED_SELECTOR = YES;
				GCC_WARN_UNINITIALIZED_AUTOS = YES_AGGRESSIVE;
				GCC_WARN_UNUSED_FUNCTION = YES;
				GCC_WARN_UNUSED_VARIABLE = YES;
				IPHONEOS_DEPLOYMENT_TARGET = 15.4;
				MTL_ENABLE_DEBUG_INFO = INCLUDE_SOURCE;
				MTL_FAST_MATH = YES;
				ONLY_ACTIVE_ARCH = YES;
				SDKROOT = iphoneos;
				SWIFT_ACTIVE_COMPILATION_CONDITIONS = DEBUG;
				SWIFT_OPTIMIZATION_LEVEL = "-Onone";
			};
			name = Debug;
		};
		B130F62527F0B8D6003D1B98 /* Release */ = {
			isa = XCBuildConfiguration;
			buildSettings = {
				ALWAYS_SEARCH_USER_PATHS = NO;
				CLANG_ANALYZER_NONNULL = YES;
				CLANG_ANALYZER_NUMBER_OBJECT_CONVERSION = YES_AGGRESSIVE;
				CLANG_CXX_LANGUAGE_STANDARD = "gnu++17";
				CLANG_ENABLE_MODULES = YES;
				CLANG_ENABLE_OBJC_ARC = YES;
				CLANG_ENABLE_OBJC_WEAK = YES;
				CLANG_WARN_BLOCK_CAPTURE_AUTORELEASING = YES;
				CLANG_WARN_BOOL_CONVERSION = YES;
				CLANG_WARN_COMMA = YES;
				CLANG_WARN_CONSTANT_CONVERSION = YES;
				CLANG_WARN_DEPRECATED_OBJC_IMPLEMENTATIONS = YES;
				CLANG_WARN_DIRECT_OBJC_ISA_USAGE = YES_ERROR;
				CLANG_WARN_DOCUMENTATION_COMMENTS = YES;
				CLANG_WARN_EMPTY_BODY = YES;
				CLANG_WARN_ENUM_CONVERSION = YES;
				CLANG_WARN_INFINITE_RECURSION = YES;
				CLANG_WARN_INT_CONVERSION = YES;
				CLANG_WARN_NON_LITERAL_NULL_CONVERSION = YES;
				CLANG_WARN_OBJC_IMPLICIT_RETAIN_SELF = YES;
				CLANG_WARN_OBJC_LITERAL_CONVERSION = YES;
				CLANG_WARN_OBJC_ROOT_CLASS = YES_ERROR;
				CLANG_WARN_QUOTED_INCLUDE_IN_FRAMEWORK_HEADER = YES;
				CLANG_WARN_RANGE_LOOP_ANALYSIS = YES;
				CLANG_WARN_STRICT_PROTOTYPES = YES;
				CLANG_WARN_SUSPICIOUS_MOVE = YES;
				CLANG_WARN_UNGUARDED_AVAILABILITY = YES_AGGRESSIVE;
				CLANG_WARN_UNREACHABLE_CODE = YES;
				CLANG_WARN__DUPLICATE_METHOD_MATCH = YES;
				COPY_PHASE_STRIP = NO;
				DEBUG_INFORMATION_FORMAT = "dwarf-with-dsym";
				ENABLE_NS_ASSERTIONS = NO;
				ENABLE_STRICT_OBJC_MSGSEND = YES;
				GCC_C_LANGUAGE_STANDARD = gnu11;
				GCC_NO_COMMON_BLOCKS = YES;
				GCC_WARN_64_TO_32_BIT_CONVERSION = YES;
				GCC_WARN_ABOUT_RETURN_TYPE = YES_ERROR;
				GCC_WARN_UNDECLARED_SELECTOR = YES;
				GCC_WARN_UNINITIALIZED_AUTOS = YES_AGGRESSIVE;
				GCC_WARN_UNUSED_FUNCTION = YES;
				GCC_WARN_UNUSED_VARIABLE = YES;
				IPHONEOS_DEPLOYMENT_TARGET = 15.4;
				MTL_ENABLE_DEBUG_INFO = NO;
				MTL_FAST_MATH = YES;
				SDKROOT = iphoneos;
				SWIFT_COMPILATION_MODE = wholemodule;
				SWIFT_OPTIMIZATION_LEVEL = "-O";
				VALIDATE_PRODUCT = YES;
			};
			name = Release;
		};
		B130F62727F0B8D6003D1B98 /* Debug */ = {
			isa = XCBuildConfiguration;
			baseConfigurationReference = 295220E9518996FFD2FFC4FA /* Pods-IEEApps.debug.xcconfig */;
			buildSettings = {
				ASSETCATALOG_COMPILER_APPICON_NAME = AppIcon;
				ASSETCATALOG_COMPILER_GLOBAL_ACCENT_COLOR_NAME = AccentColor;
				CODE_SIGN_STYLE = Automatic;
				CURRENT_PROJECT_VERSION = 1;
				DEVELOPMENT_TEAM = BTTJ8SS99P;
				GENERATE_INFOPLIST_FILE = YES;
				INFOPLIST_FILE = IEEApps/Info.plist;
				INFOPLIST_KEY_UIApplicationSupportsIndirectInputEvents = YES;
				INFOPLIST_KEY_UILaunchStoryboardName = LaunchScreen;
				INFOPLIST_KEY_UIMainStoryboardFile = Main;
				INFOPLIST_KEY_UISupportedInterfaceOrientations_iPad = "UIInterfaceOrientationPortrait UIInterfaceOrientationPortraitUpsideDown UIInterfaceOrientationLandscapeLeft UIInterfaceOrientationLandscapeRight";
				INFOPLIST_KEY_UISupportedInterfaceOrientations_iPhone = "UIInterfaceOrientationPortrait UIInterfaceOrientationLandscapeLeft UIInterfaceOrientationLandscapeRight";
				LD_RUNPATH_SEARCH_PATHS = (
					"$(inherited)",
					"@executable_path/Frameworks",
				);
				MARKETING_VERSION = 1.0;
				PRODUCT_BUNDLE_IDENTIFIER = com.stefanos.IEEApps;
				PRODUCT_NAME = "$(TARGET_NAME)";
				SWIFT_EMIT_LOC_STRINGS = YES;
				SWIFT_VERSION = 5.0;
				TARGETED_DEVICE_FAMILY = "1,2";
			};
			name = Debug;
		};
		B130F62827F0B8D6003D1B98 /* Release */ = {
			isa = XCBuildConfiguration;
			baseConfigurationReference = 8903D0DFE36AF6B65ABEFA76 /* Pods-IEEApps.release.xcconfig */;
			buildSettings = {
				ASSETCATALOG_COMPILER_APPICON_NAME = AppIcon;
				ASSETCATALOG_COMPILER_GLOBAL_ACCENT_COLOR_NAME = AccentColor;
				CODE_SIGN_STYLE = Automatic;
				CURRENT_PROJECT_VERSION = 1;
				DEVELOPMENT_TEAM = BTTJ8SS99P;
				GENERATE_INFOPLIST_FILE = YES;
				INFOPLIST_FILE = IEEApps/Info.plist;
				INFOPLIST_KEY_UIApplicationSupportsIndirectInputEvents = YES;
				INFOPLIST_KEY_UILaunchStoryboardName = LaunchScreen;
				INFOPLIST_KEY_UIMainStoryboardFile = Main;
				INFOPLIST_KEY_UISupportedInterfaceOrientations_iPad = "UIInterfaceOrientationPortrait UIInterfaceOrientationPortraitUpsideDown UIInterfaceOrientationLandscapeLeft UIInterfaceOrientationLandscapeRight";
				INFOPLIST_KEY_UISupportedInterfaceOrientations_iPhone = "UIInterfaceOrientationPortrait UIInterfaceOrientationLandscapeLeft UIInterfaceOrientationLandscapeRight";
				LD_RUNPATH_SEARCH_PATHS = (
					"$(inherited)",
					"@executable_path/Frameworks",
				);
				MARKETING_VERSION = 1.0;
				PRODUCT_BUNDLE_IDENTIFIER = com.stefanos.IEEApps;
				PRODUCT_NAME = "$(TARGET_NAME)";
				SWIFT_EMIT_LOC_STRINGS = YES;
				SWIFT_VERSION = 5.0;
				TARGETED_DEVICE_FAMILY = "1,2";
			};
			name = Release;
		};
/* End XCBuildConfiguration section */

/* Begin XCConfigurationList section */
		B130F60D27F0B8D4003D1B98 /* Build configuration list for PBXProject "IEEApps" */ = {
			isa = XCConfigurationList;
			buildConfigurations = (
				B130F62427F0B8D6003D1B98 /* Debug */,
				B130F62527F0B8D6003D1B98 /* Release */,
			);
			defaultConfigurationIsVisible = 0;
			defaultConfigurationName = Release;
		};
		B130F62627F0B8D6003D1B98 /* Build configuration list for PBXNativeTarget "IEEApps" */ = {
			isa = XCConfigurationList;
			buildConfigurations = (
				B130F62727F0B8D6003D1B98 /* Debug */,
				B130F62827F0B8D6003D1B98 /* Release */,
			);
			defaultConfigurationIsVisible = 0;
			defaultConfigurationName = Release;
		};
/* End XCConfigurationList section */
	};
	rootObject = B130F60A27F0B8D4003D1B98 /* Project object */;
}
